lockfileVersion: 5.4

specifiers:
  '@types/fs-extra': ^9.0.13
  '@types/glob': ^8.0.0
  '@types/jsdom': ^20.0.1
  '@types/lodash': ^4.14.191
  '@types/prettier': ^2.7.1
  '@types/svgo': ^3.0.0
  commander: ^9.4.1
  fs-extra: ^11.1.0
  glob: ^8.0.3
  jsdom: ^20.0.3
  lodash: ^4.17.21
  lodash-es: ^4.17.21
  prettier: ^2.7.1
  svgo: ^3.0.2
  typescript: ^4.9.4

devDependencies:
  '@types/fs-extra': r2.cnpmjs.org/@types/fs-extra/9.0.13
  '@types/glob': 8.0.0
  '@types/jsdom': 20.0.1
  '@types/lodash': 4.14.191
  '@types/prettier': 2.7.1
  '@types/svgo': 3.0.0
  commander: 9.4.1
  fs-extra: 11.1.0
  glob: 8.0.3
  jsdom: 20.0.3
  lodash: r2.cnpmjs.org/lodash/4.17.21
  lodash-es: r2.cnpmjs.org/lodash-es/4.17.21
  prettier: 2.8.1
  svgo: 3.0.2
  typescript: 4.9.4

packages:

  /@types/glob/8.0.0:
    resolution: {integrity: sha512-l6NQsDDyQUVeoTynNpC9uRvCUint/gSUXQA2euwmTuWGvPY5LSDUu6tkCtJB2SvGQlJQzLaKqcGZP4//7EDveA==}
    dependencies:
      '@types/minimatch': 5.1.2
      '@types/node': 18.11.17
    dev: true

  /@types/jsdom/20.0.1:
    resolution: {integrity: sha512-d0r18sZPmMQr1eG35u12FZfhIXNrnsPU/g5wvRKCUf/tOGilKKwYMYGqh33BNR6ba+2gkHw1EUiHoN3mn7E5IQ==}
    dependencies:
      '@types/node': 18.11.17
      '@types/tough-cookie': 4.0.2
      parse5: 7.1.2
    dev: true

  /@types/lodash/4.14.191:
    resolution: {integrity: sha512-BdZ5BCCvho3EIXw6wUCXHe7rS53AIDPLE+JzwgT+OsJk53oBfbSmZZ7CX4VaRoN78N+TJpFi9QPlfIVNmJYWxQ==}
    dev: true

  /@types/minimatch/5.1.2:
    resolution: {integrity: sha512-K0VQKziLUWkVKiRVrx4a40iPaxTUefQmjtkQofBkYRcoaaL/8rhwDWww9qWbrgicNOgnpIsMxyNIUM4+n6dUIA==}
    dev: true

  /@types/node/18.11.17:
    resolution: {integrity: sha512-HJSUJmni4BeDHhfzn6nF0sVmd1SMezP7/4F0Lq+aXzmp2xm9O7WXrUtHW/CHlYVtZUbByEvWidHqRtcJXGF2Ng==}
    dev: true

  /@types/prettier/2.7.1:
    resolution: {integrity: sha512-ri0UmynRRvZiiUJdiz38MmIblKK+oH30MztdBVR95dv/Ubw6neWSb8u1XpRb72L4qsZOhz+L+z9JD40SJmfWow==}
    dev: true

  /@types/svgo/3.0.0:
    resolution: {integrity: sha512-G5qLWNq/rMvSM1EyY4E2iEd+s9km/PxLkzPkA2lghrgWJ2jrVMuB1ZsGOzL4YAWCy5sAoUw7SEQseHE2qypF2w==}
    deprecated: This is a stub types definition. svgo provides its own type definitions, so you do not need this installed.
    dependencies:
      svgo: 3.0.2
    dev: true

  /@types/tough-cookie/4.0.2:
    resolution: {integrity: sha512-Q5vtl1W5ue16D+nIaW8JWebSSraJVlK+EthKn7e7UcD4KWsaSJ8BqGPXNaPghgtcn/fhvrN17Tv8ksUsQpiplw==}
    dev: true

  /abab/2.0.6:
    resolution: {integrity: sha512-j2afSsaIENvHZN2B8GOpF566vZ5WVk5opAiMTvWgaQT8DkbOqsTfvNAvHoRGU2zzP8cPoqys+xHTRDWW8L+/BA==}
    dev: true

  /acorn-globals/7.0.1:
    resolution: {integrity: sha512-umOSDSDrfHbTNPuNpC2NSnnA3LUrqpevPb4T9jRx4MagXNS0rs+gwiTcAvqCRmsD6utzsrzNt+ebm00SNWiC3Q==}
    dependencies:
      acorn: 8.8.1
      acorn-walk: r2.cnpmjs.org/acorn-walk/8.2.0
    dev: true

  /acorn/8.8.1:
    resolution: {integrity: sha512-7zFpHzhnqYKrkYdUjF1HI1bzd0VygEGX8lFk4k5zVMqHEoES+P+7TKI+EvLO9WVMJ8eekdO0aDEK044xTXwPPA==}
    engines: {node: '>=0.4.0'}
    hasBin: true
    dev: true

  /commander/9.4.1:
    resolution: {integrity: sha512-5EEkTNyHNGFPD2H+c/dXXfQZYa/scCKasxWcXJaWnNJ99pnQN9Vnmqow+p+PlFPE63Q6mThaZws1T+HxfpgtPw==}
    engines: {node: ^12.20.0 || >=14}
    dev: true

  /css-select/5.1.0:
    resolution: {integrity: sha512-nwoRF1rvRRnnCqqY7updORDsuqKzqYJ28+oSMaJMMgOauh3fvwHqMS7EZpIPqK8GL+g9mKxF1vP/ZjSeNjEVHg==}
    dependencies:
      boolbase: r2.cnpmjs.org/boolbase/1.0.0
      css-what: 6.1.0
      domhandler: 5.0.3
      domutils: 3.0.1
      nth-check: 2.1.1
    dev: true

  /css-tree/2.2.1:
    resolution: {integrity: sha512-OA0mILzGc1kCOCSJerOeqDxDQ4HOh+G8NbOJFOTgOCzpw7fCBubk0fEyxp8AgOL/jvLgYA/uV0cMbe43ElF1JA==}
    engines: {node: ^10 || ^12.20.0 || ^14.13.0 || >=15.0.0, npm: '>=7.0.0'}
    dependencies:
      mdn-data: 2.0.28
      source-map-js: 1.0.2
    dev: true

  /css-tree/2.3.1:
    resolution: {integrity: sha512-6Fv1DV/TYw//QF5IzQdqsNDjx/wc8TrMBZsqjL9eW01tWb7R7k/mq+/VXfJCl7SoD5emsJop9cOByJZfs8hYIw==}
    engines: {node: ^10 || ^12.20.0 || ^14.13.0 || >=15.0.0}
    dependencies:
      mdn-data: 2.0.30
      source-map-js: 1.0.2
    dev: true

  /css-what/6.1.0:
    resolution: {integrity: sha512-HTUrgRJ7r4dsZKU6GjmpfRK1O76h97Z8MfS1G0FozR+oF2kG6Vfe8JE6zwrkbxigziPHinCJ+gCPjA9EaBDtRw==}
    engines: {node: '>= 6'}
    dev: true

  /csso/5.0.5:
    resolution: {integrity: sha512-0LrrStPOdJj+SPCCrGhzryycLjwcgUSHBtxNA8aIDxf0GLsRh1cKYhB00Gd1lDOS4yGH69+SNn13+TWbVHETFQ==}
    engines: {node: ^10 || ^12.20.0 || ^14.13.0 || >=15.0.0, npm: '>=7.0.0'}
    dependencies:
      css-tree: 2.2.1
    dev: true

  /data-urls/3.0.2:
    resolution: {integrity: sha512-Jy/tj3ldjZJo63sVAvg6LHt2mHvl4V6AgRAmNDtLdm7faqtsx+aJG42rsyCo9JCoRVKwPFzKlIPx3DIibwSIaQ==}
    engines: {node: '>=12'}
    dependencies:
      abab: 2.0.6
      whatwg-mimetype: r2.cnpmjs.org/whatwg-mimetype/3.0.0
      whatwg-url: r2.cnpmjs.org/whatwg-url/11.0.0
    dev: true

  /debug/4.3.4:
    resolution: {integrity: sha512-PRWFHuSU3eDtQJPvnNY7Jcket1j0t5OuOsFzPPzsekD52Zl8qUfFIPEiswXqIvHWGVHOgX+7G/vCNNhehwxfkQ==}
    engines: {node: '>=6.0'}
    peerDependencies:
      supports-color: '*'
    peerDependenciesMeta:
      supports-color:
        optional: true
    dependencies:
      ms: r2.cnpmjs.org/ms/2.1.2
    dev: true

  /decimal.js/10.4.3:
    resolution: {integrity: sha512-VBBaLc1MgL5XpzgIP7ny5Z6Nx3UrRkIViUkPUdtl9aya5amy3De1gsUUSB1g3+3sExYNjCAsAznmukyxCb1GRA==}
    dev: true

  /dom-serializer/2.0.0:
    resolution: {integrity: sha512-wIkAryiqt/nV5EQKqQpo3SToSOV9J0DnbJqwK7Wv/Trc92zIAYZ4FlMu+JPFW1DfGFt81ZTCGgDEabffXeLyJg==}
    dependencies:
      domelementtype: 2.3.0
      domhandler: 5.0.3
      entities: 4.4.0
    dev: true

  /domelementtype/2.3.0:
    resolution: {integrity: sha512-OLETBj6w0OsagBwdXnPdN0cnMfF9opN69co+7ZrbfPGrdpPVNBUj02spi6B1N7wChLQiPn4CSH/zJvXw56gmHw==}
    dev: true

  /domhandler/5.0.3:
    resolution: {integrity: sha512-cgwlv/1iFQiFnU96XXgROh8xTeetsnJiDsTc7TYCLFd9+/WNkIqPTxiM/8pSd8VIrhXGTf1Ny1q1hquVqDJB5w==}
    engines: {node: '>= 4'}
    dependencies:
      domelementtype: 2.3.0
    dev: true

  /domutils/3.0.1:
    resolution: {integrity: sha512-z08c1l761iKhDFtfXO04C7kTdPBLi41zwOZl00WS8b5eiaebNpY00HKbztwBq+e3vyqWNwWF3mP9YLUeqIrF+Q==}
    dependencies:
      dom-serializer: 2.0.0
      domelementtype: 2.3.0
      domhandler: 5.0.3
    dev: true

  /entities/4.4.0:
    resolution: {integrity: sha512-oYp7156SP8LkeGD0GF85ad1X9Ai79WtRsZ2gxJqtBuzH+98YUV6jkHEKlZkMbcrjJjIVJNIDP/3WL9wQkoPbWA==}
    engines: {node: '>=0.12'}
    dev: true

  /fs-extra/11.1.0:
    resolution: {integrity: sha512-0rcTq621PD5jM/e0a3EJoGC/1TC5ZBCERW82LQuwfGnCa1V8w7dpYH1yNu+SLb6E5dkeCBzKEyLGlFrnr+dUyw==}
    engines: {node: '>=14.14'}
    dependencies:
      graceful-fs: 4.2.10
      jsonfile: r2.cnpmjs.org/jsonfile/6.1.0
      universalify: r2.cnpmjs.org/universalify/2.0.0
    dev: true

  /glob/8.0.3:
    resolution: {integrity: sha512-ull455NHSHI/Y1FqGaaYFaLGkNMMJbavMrEGFXG/PGrg6y7sutWHUHrz6gy6WEBH6akM1M414dWKCNs+IhKdiQ==}
    engines: {node: '>=12'}
    dependencies:
      fs.realpath: r2.cnpmjs.org/fs.realpath/1.0.0
      inflight: r2.cnpmjs.org/inflight/1.0.6
      inherits: r2.cnpmjs.org/inherits/2.0.4
      minimatch: 5.1.1
      once: r2.cnpmjs.org/once/1.4.0
    dev: true

  /graceful-fs/4.2.10:
    resolution: {integrity: sha512-9ByhssR2fPVsNZj478qUUbKfmL0+t5BDVyjShtyZZLiK7ZDAArFFfopyOTj0M05wE2tJPisA4iTnnXl2YoPvOA==}
    dev: true

  /https-proxy-agent/5.0.1:
    resolution: {integrity: sha512-dFcAjpTQFgoLMzC2VwU+C/CbS7uRL0lWmxDITmqm7C+7F0Odmj6s9l6alZc6AELXhrnggM2CeWSXHGOdX2YtwA==}
    engines: {node: '>= 6'}
    dependencies:
      agent-base: r2.cnpmjs.org/agent-base/6.0.2
      debug: 4.3.4
    transitivePeerDependencies:
      - supports-color
    dev: true

  /jsdom/20.0.3:
    resolution: {integrity: sha512-SYhBvTh89tTfCD/CRdSOm13mOBa42iTaTyfyEWBdKcGdPxPtLFBXuHR8XHb33YNYaP+lLbmSvBTsnoesCNJEsQ==}
    engines: {node: '>=14'}
    peerDependencies:
      canvas: ^2.5.0
    peerDependenciesMeta:
      canvas:
        optional: true
    dependencies:
      abab: 2.0.6
      acorn: 8.8.1
      acorn-globals: 7.0.1
      cssom: r2.cnpmjs.org/cssom/0.5.0
      cssstyle: r2.cnpmjs.org/cssstyle/2.3.0
      data-urls: 3.0.2
      decimal.js: 10.4.3
      domexception: r2.cnpmjs.org/domexception/4.0.0
      escodegen: r2.cnpmjs.org/escodegen/2.0.0
      form-data: r2.cnpmjs.org/form-data/4.0.0
      html-encoding-sniffer: r2.cnpmjs.org/html-encoding-sniffer/3.0.0
      http-proxy-agent: r2.cnpmjs.org/http-proxy-agent/5.0.0
      https-proxy-agent: 5.0.1
      is-potential-custom-element-name: r2.cnpmjs.org/is-potential-custom-element-name/1.0.1
      nwsapi: 2.2.2
      parse5: 7.1.2
      saxes: r2.cnpmjs.org/saxes/6.0.0
      symbol-tree: r2.cnpmjs.org/symbol-tree/3.2.4
      tough-cookie: 4.1.2
      w3c-xmlserializer: 4.0.0
      webidl-conversions: r2.cnpmjs.org/webidl-conversions/7.0.0
      whatwg-encoding: r2.cnpmjs.org/whatwg-encoding/2.0.0
      whatwg-mimetype: r2.cnpmjs.org/whatwg-mimetype/3.0.0
      whatwg-url: r2.cnpmjs.org/whatwg-url/11.0.0
      ws: 8.11.0
      xml-name-validator: r2.cnpmjs.org/xml-name-validator/4.0.0
    transitivePeerDependencies:
      - bufferutil
      - supports-color
      - utf-8-validate
    dev: true

  /mdn-data/2.0.28:
    resolution: {integrity: sha512-aylIc7Z9y4yzHYAJNuESG3hfhC+0Ibp/MAMiaOZgNv4pmEdFyfZhhhny4MNiAfWdBQ1RQ2mfDWmM1x8SvGyp8g==}
    dev: true

  /mdn-data/2.0.30:
    resolution: {integrity: sha512-GaqWWShW4kv/G9IEucWScBx9G1/vsFZZJUO+tD26M8J8z3Kw5RDQjaoZe03YAClgeS/SWPOcb4nkFBTEi5DUEA==}
    dev: true

  /mime-db/1.52.0:
    resolution: {integrity: sha512-sPU4uV7dYlvtWJxwwxHD0PuihVNiE7TyAbQ5SWxDCB9mUYvOgroQOwYQQOKPJ8CIbE+1ETVlOoK1UC2nU3gYvg==}
    engines: {node: '>= 0.6'}
    dev: true

  /mime-types/2.1.35:
    resolution: {integrity: sha512-ZDY+bPm5zTTF+YpCrAU9nK0UgICYPT0QtT1NZWFv4s++TNkcgVaT0g6+4R2uI4MjQjzysHB1zxuWL50hzaeXiw==}
    engines: {node: '>= 0.6'}
    dependencies:
      mime-db: 1.52.0
    dev: true

  /minimatch/5.1.1:
    resolution: {integrity: sha512-362NP+zlprccbEt/SkxKfRMHnNY85V74mVnpUpNyr3F35covl09Kec7/sEFLt3RA4oXmewtoaanoIf67SE5Y5g==}
    engines: {node: '>=10'}
    dependencies:
      brace-expansion: r2.cnpmjs.org/brace-expansion/2.0.1
    dev: true

  /nth-check/2.1.1:
    resolution: {integrity: sha512-lqjrjmaOoAnWfMmBPL+XNnynZh2+swxiX3WUE0s4yEHI6m+AwrK2UZOimIRl3X/4QctVqS8AiZjFqyOGrMXb/w==}
    dependencies:
      boolbase: r2.cnpmjs.org/boolbase/1.0.0
    dev: true

  /nwsapi/2.2.2:
    resolution: {integrity: sha512-90yv+6538zuvUMnN+zCr8LuV6bPFdq50304114vJYJ8RDyK8D5O9Phpbd6SZWgI7PwzmmfN1upeOJlvybDSgCw==}
    dev: true

  /parse5/7.1.2:
    resolution: {integrity: sha512-Czj1WaSVpaoj0wbhMzLmWD69anp2WH7FXMB9n1Sy8/ZFF9jolSQVMu1Ij5WIyGmcBmhk7EOndpO4mIpihVqAXw==}
    dependencies:
      entities: 4.4.0
    dev: true

  /prettier/2.8.1:
    resolution: {integrity: sha512-lqGoSJBQNJidqCHE80vqZJHWHRFoNYsSpP9AjFhlhi9ODCJA541svILes/+/1GM3VaL/abZi7cpFzOpdR9UPKg==}
    engines: {node: '>=10.13.0'}
    hasBin: true
    dev: true

  /psl/1.9.0:
    resolution: {integrity: sha512-E/ZsdU4HLs/68gYzgGTkMicWTLPdAftJLfJFlLUAAKZGkStNU72sZjT66SnMDVOfOWY/YAoiD7Jxa9iHvngcag==}
    dev: true

  /source-map-js/1.0.2:
    resolution: {integrity: sha512-R0XvVJ9WusLiqTCEiGCmICCMplcCkIwwR11mOSD9CR5u+IXYdiseeEuXCVAjS54zqwkLcPNnmU4OeJ6tUrWhDw==}
    engines: {node: '>=0.10.0'}
    dev: true

  /svgo/3.0.2:
    resolution: {integrity: sha512-Z706C1U2pb1+JGP48fbazf3KxHrWOsLme6Rv7imFBn5EnuanDW1GPaA/P1/dvObE670JDePC3mnj0k0B7P0jjQ==}
    engines: {node: '>=14.0.0'}
    hasBin: true
    dependencies:
      '@trysound/sax': r2.cnpmjs.org/@trysound/sax/0.2.0
      commander: r2.cnpmjs.org/commander/7.2.0
      css-select: 5.1.0
      css-tree: 2.3.1
      csso: 5.0.5
      picocolors: r2.cnpmjs.org/picocolors/1.0.0
    dev: true

  /tough-cookie/4.1.2:
    resolution: {integrity: sha512-G9fqXWoYFZgTc2z8Q5zaHy/vJMjm+WV0AkAeHxVCQiEB1b+dGvWzFW6QV07cY5jQ5gRkeid2qIkzkxUnmoQZUQ==}
    engines: {node: '>=6'}
    dependencies:
      psl: 1.9.0
      punycode: r2.cnpmjs.org/punycode/2.1.1
      universalify: r2.cnpmjs.org/universalify/0.2.0
      url-parse: 1.5.10
    dev: true

  /typescript/4.9.4:
    resolution: {integrity: sha512-Uz+dTXYzxXXbsFpM86Wh3dKCxrQqUcVMxwU54orwlJjOpO3ao8L7j5lH+dWfTwgCwIuM9GQ2kvVotzYJMXTBZg==}
    engines: {node: '>=4.2.0'}
    hasBin: true
    dev: true

  /url-parse/1.5.10:
    resolution: {integrity: sha512-WypcfiRhfeUP9vvF0j6rw0J3hrWrw6iZv3+22h6iRMJ/8z1Tj6XfLP4DsUix5MhMPnXpiHDoKyoZ/bdCkwBCiQ==}
    dependencies:
      querystringify: r2.cnpmjs.org/querystringify/2.2.0
      requires-port: r2.cnpmjs.org/requires-port/1.0.0
    dev: true

  /w3c-xmlserializer/4.0.0:
    resolution: {integrity: sha512-d+BFHzbiCx6zGfz0HyQ6Rg69w9k19nviJspaj4yNscGjrHu94sVP+aRm75yEbCh+r2/yR+7q6hux9LVtbuTGBw==}
    engines: {node: '>=14'}
    dependencies:
      xml-name-validator: r2.cnpmjs.org/xml-name-validator/4.0.0
    dev: true

  /ws/8.11.0:
    resolution: {integrity: sha512-HPG3wQd9sNQoT9xHyNCXoDUa+Xw/VevmY9FoHyQ+g+rrMn4j6FB4np7Z0OhdTgjx6MgQLK7jwSy1YecU1+4Asg==}
    engines: {node: '>=10.0.0'}
    peerDependencies:
      bufferutil: ^4.0.1
      utf-8-validate: ^5.0.2
    peerDependenciesMeta:
      bufferutil:
        optional: true
      utf-8-validate:
        optional: true
    dev: true

  r2.cnpmjs.org/@tootallnate/once/2.0.0:
    resolution: {integrity: sha512-XCuKFP5PS55gnMVu3dty8KPatLqUoy/ZYzDzAGCQ8JNFCkLXzmI7vNHCR+XpbZaMWQK/vQubr7PkYq8g470J/A==, registry: https://r.cnpmjs.org/, tarball: https://r2.cnpmjs.org/@tootallnate/once/-/once-2.0.0.tgz}
    name: '@tootallnate/once'
    version: 2.0.0
    engines: {node: '>= 10'}
    dev: true

  r2.cnpmjs.org/@trysound/sax/0.2.0:
    resolution: {integrity: sha512-L7z9BgrNEcYyUYtF+HaEfiS5ebkh9jXqbszz7pC0hRBPaatV0XjSD3+eHrpqFemQfgwiFF0QPIarnIihIDn7OA==, registry: https://r.cnpmjs.org/, tarball: https://r2.cnpmjs.org/@trysound/sax/-/sax-0.2.0.tgz}
    name: '@trysound/sax'
    version: 0.2.0
    engines: {node: '>=10.13.0'}
    dev: true

  r2.cnpmjs.org/@types/fs-extra/9.0.13:
    resolution: {integrity: sha512-nEnwB++1u5lVDM2UI4c1+5R+FYaKfaAzS4OococimjVm3nQw3TuzH5UNsocrcTBbhnerblyHj4A49qXbIiZdpA==, registry: https://r.cnpmjs.org/, tarball: https://r2.cnpmjs.org/@types/fs-extra/-/fs-extra-9.0.13.tgz}
    name: '@types/fs-extra'
    version: 9.0.13
    dependencies:
      '@types/node': 18.11.17
    dev: true

  r2.cnpmjs.org/acorn-walk/8.2.0:
    resolution: {integrity: sha512-k+iyHEuPgSw6SbuDpGQM+06HQUa04DZ3o+F6CSzXMvvI5KMvnaEqXe+YVe555R9nn6GPt404fos4wcgpw12SDA==, registry: https://r.cnpmjs.org/, tarball: https://r2.cnpmjs.org/acorn-walk/-/acorn-walk-8.2.0.tgz}
    name: acorn-walk
    version: 8.2.0
    engines: {node: '>=0.4.0'}
    dev: true

  r2.cnpmjs.org/agent-base/6.0.2:
    resolution: {integrity: sha512-RZNwNclF7+MS/8bDg70amg32dyeZGZxiDuQmZxKLAlQjr3jGyLx+4Kkk58UO7D2QdgFIQCovuSuZESne6RG6XQ==, registry: https://r.cnpmjs.org/, tarball: https://r2.cnpmjs.org/agent-base/-/agent-base-6.0.2.tgz}
    name: agent-base
    version: 6.0.2
    engines: {node: '>= 6.0.0'}
    dependencies:
      debug: 4.3.4
    transitivePeerDependencies:
      - supports-color
    dev: true

  r2.cnpmjs.org/asynckit/0.4.0:
    resolution: {integrity: sha512-Oei9OH4tRh0YqU3GxhX79dM/mwVgvbZJaSNaRk+bshkj0S5cfHcgYakreBjrHwatXKbz+IoIdYLxrKim2MjW0Q==, registry: https://r.cnpmjs.org/, tarball: https://r2.cnpmjs.org/asynckit/-/asynckit-0.4.0.tgz}
    name: asynckit
    version: 0.4.0
    dev: true

  r2.cnpmjs.org/balanced-match/1.0.2:
    resolution: {integrity: sha512-3oSeUO0TMV67hN1AmbXsK4yaqU7tjiHlbxRDZOpH0KW9+CeX4bRAaX0Anxt0tx2MrpRpWwQaPwIlISEJhYU5Pw==, registry: https://r.cnpmjs.org/, tarball: https://r2.cnpmjs.org/balanced-match/-/balanced-match-1.0.2.tgz}
    name: balanced-match
    version: 1.0.2
    dev: true

  r2.cnpmjs.org/boolbase/1.0.0:
    resolution: {integrity: sha512-JZOSA7Mo9sNGB8+UjSgzdLtokWAky1zbztM3WRLCbZ70/3cTANmQmOdR7y2g+J0e2WXywy1yS468tY+IruqEww==, registry: https://r.cnpmjs.org/, tarball: https://r2.cnpmjs.org/boolbase/-/boolbase-1.0.0.tgz}
    name: boolbase
    version: 1.0.0
    dev: true

  r2.cnpmjs.org/brace-expansion/2.0.1:
    resolution: {integrity: sha512-XnAIvQ8eM+kC6aULx6wuQiwVsnzsi9d3WxzV3FpWTGA19F621kwdbsAcFKXgKUHZWsy+mY6iL1sHTxWEFCytDA==, registry: https://r.cnpmjs.org/, tarball: https://r2.cnpmjs.org/brace-expansion/-/brace-expansion-2.0.1.tgz}
    name: brace-expansion
    version: 2.0.1
    dependencies:
      balanced-match: r2.cnpmjs.org/balanced-match/1.0.2
    dev: true

  r2.cnpmjs.org/combined-stream/1.0.8:
    resolution: {integrity: sha512-FQN4MRfuJeHf7cBbBMJFXhKSDq+2kAArBlmRBvcvFE5BB1HZKXtSFASDhdlz9zOYwxh8lDdnvmMOe/+5cdoEdg==, registry: https://r.cnpmjs.org/, tarball: https://r2.cnpmjs.org/combined-stream/-/combined-stream-1.0.8.tgz}
    name: combined-stream
    version: 1.0.8
    engines: {node: '>= 0.8'}
    dependencies:
      delayed-stream: r2.cnpmjs.org/delayed-stream/1.0.0
    dev: true

  r2.cnpmjs.org/commander/7.2.0:
    resolution: {integrity: sha512-QrWXB+ZQSVPmIWIhtEO9H+gwHaMGYiF5ChvoJ+K9ZGHG/sVsa6yiesAD1GC/x46sET00Xlwo1u49RVVVzvcSkw==, registry: https://r.cnpmjs.org/, tarball: https://r2.cnpmjs.org/commander/-/commander-7.2.0.tgz}
    name: commander
    version: 7.2.0
    engines: {node: '>= 10'}
    dev: true

  r2.cnpmjs.org/cssom/0.3.8:
    resolution: {integrity: sha512-b0tGHbfegbhPJpxpiBPU2sCkigAqtM9O121le6bbOlgyV+NyGyCmVfJ6QW9eRjz8CpNfWEOYBIMIGRYkLwsIYg==, registry: https://r.cnpmjs.org/, tarball: https://r2.cnpmjs.org/cssom/-/cssom-0.3.8.tgz}
    name: cssom
    version: 0.3.8
    dev: true

  r2.cnpmjs.org/cssom/0.5.0:
    resolution: {integrity: sha512-iKuQcq+NdHqlAcwUY0o/HL69XQrUaQdMjmStJ8JFmUaiiQErlhrmuigkg/CU4E2J0IyUKUrMAgl36TvN67MqTw==, registry: https://r.cnpmjs.org/, tarball: https://r2.cnpmjs.org/cssom/-/cssom-0.5.0.tgz}
    name: cssom
    version: 0.5.0
    dev: true

  r2.cnpmjs.org/cssstyle/2.3.0:
    resolution: {integrity: sha512-AZL67abkUzIuvcHqk7c09cezpGNcxUxU4Ioi/05xHk4DQeTkWmGYftIE6ctU6AEt+Gn4n1lDStOtj7FKycP71A==, registry: https://r.cnpmjs.org/, tarball: https://r2.cnpmjs.org/cssstyle/-/cssstyle-2.3.0.tgz}
    name: cssstyle
    version: 2.3.0
    engines: {node: '>=8'}
    dependencies:
      cssom: r2.cnpmjs.org/cssom/0.3.8
    dev: true

  r2.cnpmjs.org/deep-is/0.1.4:
    resolution: {integrity: sha512-oIPzksmTg4/MriiaYGO+okXDT7ztn/w3Eptv/+gSIdMdKsJo0u4CfYNFJPy+4SKMuCqGw2wxnA+URMg3t8a/bQ==, registry: https://r.cnpmjs.org/, tarball: https://r2.cnpmjs.org/deep-is/-/deep-is-0.1.4.tgz}
    name: deep-is
    version: 0.1.4
    dev: true

  r2.cnpmjs.org/delayed-stream/1.0.0:
    resolution: {integrity: sha512-ZySD7Nf91aLB0RxL4KGrKHBXl7Eds1DAmEdcoVawXnLD7SDhpNgtuII2aAkg7a7QS41jxPSZ17p4VdGnMHk3MQ==, registry: https://r.cnpmjs.org/, tarball: https://r2.cnpmjs.org/delayed-stream/-/delayed-stream-1.0.0.tgz}
    name: delayed-stream
    version: 1.0.0
    engines: {node: '>=0.4.0'}
    dev: true

  r2.cnpmjs.org/domexception/4.0.0:
    resolution: {integrity: sha512-A2is4PLG+eeSfoTMA95/s4pvAoSo2mKtiM5jlHkAVewmiO8ISFTFKZjH7UAM1Atli/OT/7JHOrJRJiMKUZKYBw==, registry: https://r.cnpmjs.org/, tarball: https://r2.cnpmjs.org/domexception/-/domexception-4.0.0.tgz}
    name: domexception
    version: 4.0.0
    engines: {node: '>=12'}
    dependencies:
      webidl-conversions: r2.cnpmjs.org/webidl-conversions/7.0.0
    dev: true

  r2.cnpmjs.org/escodegen/2.0.0:
    resolution: {integrity: sha512-mmHKys/C8BFUGI+MAWNcSYoORYLMdPzjrknd2Vc+bUsjN5bXcr8EhrNB+UTqfL1y3I9c4fw2ihgtMPQLBRiQxw==, registry: https://r.cnpmjs.org/, tarball: https://r2.cnpmjs.org/escodegen/-/escodegen-2.0.0.tgz}
    name: escodegen
    version: 2.0.0
    engines: {node: '>=6.0'}
    hasBin: true
    dependencies:
      esprima: r2.cnpmjs.org/esprima/4.0.1
      estraverse: r2.cnpmjs.org/estraverse/5.3.0
      esutils: r2.cnpmjs.org/esutils/2.0.3
      optionator: r2.cnpmjs.org/optionator/0.8.3
    optionalDependencies:
      source-map: r2.cnpmjs.org/source-map/0.6.1
    dev: true

  r2.cnpmjs.org/esprima/4.0.1:
    resolution: {integrity: sha512-eGuFFw7Upda+g4p+QHvnW0RyTX/SVeJBDM/gCtMARO0cLuT2HcEKnTPvhjV6aGeqrCB/sbNop0Kszm0jsaWU4A==, registry: https://r.cnpmjs.org/, tarball: https://r2.cnpmjs.org/esprima/-/esprima-4.0.1.tgz}
    name: esprima
    version: 4.0.1
    engines: {node: '>=4'}
    hasBin: true
    dev: true

  r2.cnpmjs.org/estraverse/5.3.0:
    resolution: {integrity: sha512-MMdARuVEQziNTeJD8DgMqmhwR11BRQ/cBP+pLtYdSTnf3MIO8fFeiINEbX36ZdNlfU/7A9f3gUw49B3oQsvwBA==, registry: https://r.cnpmjs.org/, tarball: https://r2.cnpmjs.org/estraverse/-/estraverse-5.3.0.tgz}
    name: estraverse
    version: 5.3.0
    engines: {node: '>=4.0'}
    dev: true

  r2.cnpmjs.org/esutils/2.0.3:
    resolution: {integrity: sha512-kVscqXk4OCp68SZ0dkgEKVi6/8ij300KBWTJq32P/dYeWTSwK41WyTxalN1eRmA5Z9UU/LX9D7FWSmV9SAYx6g==, registry: https://r.cnpmjs.org/, tarball: https://r2.cnpmjs.org/esutils/-/esutils-2.0.3.tgz}
    name: esutils
    version: 2.0.3
    engines: {node: '>=0.10.0'}
    dev: true

  r2.cnpmjs.org/fast-levenshtein/2.0.6:
    resolution: {integrity: sha512-DCXu6Ifhqcks7TZKY3Hxp3y6qphY5SJZmrWMDrKcERSOXWQdMhU9Ig/PYrzyw/ul9jOIyh0N4M0tbC5hodg8dw==, registry: https://r.cnpmjs.org/, tarball: https://r2.cnpmjs.org/fast-levenshtein/-/fast-levenshtein-2.0.6.tgz}
    name: fast-levenshtein
    version: 2.0.6
    dev: true

  r2.cnpmjs.org/form-data/4.0.0:
    resolution: {integrity: sha512-ETEklSGi5t0QMZuiXoA/Q6vcnxcLQP5vdugSpuAyi6SVGi2clPPp+xgEhuMaHC+zGgn31Kd235W35f7Hykkaww==, registry: https://r.cnpmjs.org/, tarball: https://r2.cnpmjs.org/form-data/-/form-data-4.0.0.tgz}
    name: form-data
    version: 4.0.0
    engines: {node: '>= 6'}
    dependencies:
      asynckit: r2.cnpmjs.org/asynckit/0.4.0
      combined-stream: r2.cnpmjs.org/combined-stream/1.0.8
      mime-types: 2.1.35
    dev: true

  r2.cnpmjs.org/fs.realpath/1.0.0:
    resolution: {integrity: sha512-OO0pH2lK6a0hZnAdau5ItzHPI6pUlvI7jMVnxUQRtw4owF2wk8lOSabtGDCTP4Ggrg2MbGnWO9X8K1t4+fGMDw==, registry: https://r.cnpmjs.org/, tarball: https://r2.cnpmjs.org/fs.realpath/-/fs.realpath-1.0.0.tgz}
    name: fs.realpath
    version: 1.0.0
    dev: true

  r2.cnpmjs.org/html-encoding-sniffer/3.0.0:
    resolution: {integrity: sha512-oWv4T4yJ52iKrufjnyZPkrN0CH3QnrUqdB6In1g5Fe1mia8GmF36gnfNySxoZtxD5+NmYw1EElVXiBk93UeskA==, registry: https://r.cnpmjs.org/, tarball: https://r2.cnpmjs.org/html-encoding-sniffer/-/html-encoding-sniffer-3.0.0.tgz}
    name: html-encoding-sniffer
    version: 3.0.0
    engines: {node: '>=12'}
    dependencies:
      whatwg-encoding: r2.cnpmjs.org/whatwg-encoding/2.0.0
    dev: true

  r2.cnpmjs.org/http-proxy-agent/5.0.0:
    resolution: {integrity: sha512-n2hY8YdoRE1i7r6M0w9DIw5GgZN0G25P8zLCRQ8rjXtTU3vsNFBI/vWK/UIeE6g5MUUz6avwAPXmL6Fy9D/90w==, registry: https://r.cnpmjs.org/, tarball: https://r2.cnpmjs.org/http-proxy-agent/-/http-proxy-agent-5.0.0.tgz}
    name: http-proxy-agent
    version: 5.0.0
    engines: {node: '>= 6'}
    dependencies:
      '@tootallnate/once': r2.cnpmjs.org/@tootallnate/once/2.0.0
      agent-base: r2.cnpmjs.org/agent-base/6.0.2
      debug: 4.3.4
    transitivePeerDependencies:
      - supports-color
    dev: true

  r2.cnpmjs.org/iconv-lite/0.6.3:
    resolution: {integrity: sha512-4fCk79wshMdzMp2rH06qWrJE4iolqLhCUH+OiuIgU++RB0+94NlDL81atO7GX55uUKueo0txHNtvEyI6D7WdMw==, registry: https://r.cnpmjs.org/, tarball: https://r2.cnpmjs.org/iconv-lite/-/iconv-lite-0.6.3.tgz}
    name: iconv-lite
    version: 0.6.3
    engines: {node: '>=0.10.0'}
    dependencies:
      safer-buffer: r2.cnpmjs.org/safer-buffer/2.1.2
    dev: true

  r2.cnpmjs.org/inflight/1.0.6:
    resolution: {integrity: sha512-k92I/b08q4wvFscXCLvqfsHCrjrF7yiXsQuIVvVE7N82W3+aqpzuUdBbfhWcy/FZR3/4IgflMgKLOsvPDrGCJA==, registry: https://r.cnpmjs.org/, tarball: https://r2.cnpmjs.org/inflight/-/inflight-1.0.6.tgz}
    name: inflight
    version: 1.0.6
    dependencies:
      once: r2.cnpmjs.org/once/1.4.0
      wrappy: r2.cnpmjs.org/wrappy/1.0.2
    dev: true

  r2.cnpmjs.org/inherits/2.0.4:
    resolution: {integrity: sha512-k/vGaX4/Yla3WzyMCvTQOXYeIHvqOKtnqBduzTHpzpQZzAskKMhZ2K+EnBiSM9zGSoIFeMpXKxa4dYeZIQqewQ==, registry: https://r.cnpmjs.org/, tarball: https://r2.cnpmjs.org/inherits/-/inherits-2.0.4.tgz}
    name: inherits
    version: 2.0.4
    dev: true

  r2.cnpmjs.org/is-potential-custom-element-name/1.0.1:
    resolution: {integrity: sha512-bCYeRA2rVibKZd+s2625gGnGF/t7DSqDs4dP7CrLA1m7jKWz6pps0LpYLJN8Q64HtmPKJ1hrN3nzPNKFEKOUiQ==, registry: https://r.cnpmjs.org/, tarball: https://r2.cnpmjs.org/is-potential-custom-element-name/-/is-potential-custom-element-name-1.0.1.tgz}
    name: is-potential-custom-element-name
    version: 1.0.1
    dev: true

  r2.cnpmjs.org/jsonfile/6.1.0:
    resolution: {integrity: sha512-5dgndWOriYSm5cnYaJNhalLNDKOqFwyDB/rr1E9ZsGciGvKPs8R2xYGCacuf3z6K1YKDz182fd+fY3cn3pMqXQ==, registry: https://r.cnpmjs.org/, tarball: https://r2.cnpmjs.org/jsonfile/-/jsonfile-6.1.0.tgz}
    name: jsonfile
    version: 6.1.0
    dependencies:
      universalify: r2.cnpmjs.org/universalify/2.0.0
    optionalDependencies:
      graceful-fs: 4.2.10
    dev: true

  r2.cnpmjs.org/levn/0.3.0:
    resolution: {integrity: sha512-0OO4y2iOHix2W6ujICbKIaEQXvFQHue65vUG3pb5EUomzPI90z9hsA1VsO/dbIIpC53J8gxM9Q4Oho0jrCM/yA==, registry: https://r.cnpmjs.org/, tarball: https://r2.cnpmjs.org/levn/-/levn-0.3.0.tgz}
    name: levn
    version: 0.3.0
    engines: {node: '>= 0.8.0'}
    dependencies:
      prelude-ls: r2.cnpmjs.org/prelude-ls/1.1.2
      type-check: r2.cnpmjs.org/type-check/0.3.2
    dev: true

  r2.cnpmjs.org/lodash-es/4.17.21:
    resolution: {integrity: sha512-mKnC+QJ9pWVzv+C4/U3rRsHapFfHvQFoFB92e52xeyGMcX6/OlIl78je1u8vePzYZSkkogMPJ2yjxxsb89cxyw==, registry: https://r.cnpmjs.org/, tarball: https://r2.cnpmjs.org/lodash-es/-/lodash-es-4.17.21.tgz}
    name: lodash-es
    version: 4.17.21
    dev: true

  r2.cnpmjs.org/lodash/4.17.21:
    resolution: {integrity: sha512-v2kDEe57lecTulaDIuNTPy3Ry4gLGJ6Z1O3vE1krgXZNrsQ+LFTGHVxVjcXPs17LhbZVGedAJv8XZ1tvj5FvSg==, registry: https://r.cnpmjs.org/, tarball: https://r2.cnpmjs.org/lodash/-/lodash-4.17.21.tgz}
    name: lodash
    version: 4.17.21
    dev: true

  r2.cnpmjs.org/ms/2.1.2:
    resolution: {integrity: sha512-sGkPx+VjMtmA6MX27oA4FBFELFCZZ4S4XqeGOXCv68tT+jb3vk/RyaKWP0PTKyWtmLSM0b+adUTEvbs1PEaH2w==, registry: https://r.cnpmjs.org/, tarball: https://r2.cnpmjs.org/ms/-/ms-2.1.2.tgz}
    name: ms
    version: 2.1.2
    dev: true

  r2.cnpmjs.org/once/1.4.0:
    resolution: {integrity: sha512-lNaJgI+2Q5URQBkccEKHTQOPaXdUxnZZElQTZY0MFUAuaEqe1E+Nyvgdz/aIyNi6Z9MzO5dv1H8n58/GELp3+w==, registry: https://r.cnpmjs.org/, tarball: https://r2.cnpmjs.org/once/-/once-1.4.0.tgz}
    name: once
    version: 1.4.0
    dependencies:
      wrappy: r2.cnpmjs.org/wrappy/1.0.2
    dev: true

  r2.cnpmjs.org/optionator/0.8.3:
    resolution: {integrity: sha512-+IW9pACdk3XWmmTXG8m3upGUJst5XRGzxMRjXzAuJ1XnIFNvfhjjIuYkDvysnPQ7qzqVzLt78BCruntqRhWQbA==, registry: https://r.cnpmjs.org/, tarball: https://r2.cnpmjs.org/optionator/-/optionator-0.8.3.tgz}
    name: optionator
    version: 0.8.3
    engines: {node: '>= 0.8.0'}
    dependencies:
      deep-is: r2.cnpmjs.org/deep-is/0.1.4
      fast-levenshtein: r2.cnpmjs.org/fast-levenshtein/2.0.6
      levn: r2.cnpmjs.org/levn/0.3.0
      prelude-ls: r2.cnpmjs.org/prelude-ls/1.1.2
      type-check: r2.cnpmjs.org/type-check/0.3.2
      word-wrap: r2.cnpmjs.org/word-wrap/1.2.3
    dev: true

  r2.cnpmjs.org/picocolors/1.0.0:
    resolution: {integrity: sha512-1fygroTLlHu66zi26VoTDv8yRgm0Fccecssto+MhsZ0D/DGW2sm8E8AjW7NU5VVTRt5GxbeZ5qBuJr+HyLYkjQ==, registry: https://r.cnpmjs.org/, tarball: https://r2.cnpmjs.org/picocolors/-/picocolors-1.0.0.tgz}
    name: picocolors
    version: 1.0.0
    dev: true

  r2.cnpmjs.org/prelude-ls/1.1.2:
    resolution: {integrity: sha512-ESF23V4SKG6lVSGZgYNpbsiaAkdab6ZgOxe52p7+Kid3W3u3bxR4Vfd/o21dmN7jSt0IwgZ4v5MUd26FEtXE9w==, registry: https://r.cnpmjs.org/, tarball: https://r2.cnpmjs.org/prelude-ls/-/prelude-ls-1.1.2.tgz}
    name: prelude-ls
    version: 1.1.2
    engines: {node: '>= 0.8.0'}
    dev: true

  r2.cnpmjs.org/punycode/2.1.1:
    resolution: {integrity: sha512-XRsRjdf+j5ml+y/6GKHPZbrF/8p2Yga0JPtdqTIY2Xe5ohJPD9saDJJLPvp9+NSBprVvevdXZybnj2cv8OEd0A==, registry: https://r.cnpmjs.org/, tarball: https://r2.cnpmjs.org/punycode/-/punycode-2.1.1.tgz}
    name: punycode
    version: 2.1.1
    engines: {node: '>=6'}
    dev: true

  r2.cnpmjs.org/querystringify/2.2.0:
    resolution: {integrity: sha512-FIqgj2EUvTa7R50u0rGsyTftzjYmv/a3hO345bZNrqabNqjtgiDMgmo4mkUjd+nzU5oF3dClKqFIPUKybUyqoQ==, registry: https://r.cnpmjs.org/, tarball: https://r2.cnpmjs.org/querystringify/-/querystringify-2.2.0.tgz}
    name: querystringify
    version: 2.2.0
    dev: true

  r2.cnpmjs.org/requires-port/1.0.0:
    resolution: {integrity: sha512-KigOCHcocU3XODJxsu8i/j8T9tzT4adHiecwORRQ0ZZFcp7ahwXuRU1m+yuO90C5ZUyGeGfocHDI14M3L3yDAQ==, registry: https://r.cnpmjs.org/, tarball: https://r2.cnpmjs.org/requires-port/-/requires-port-1.0.0.tgz}
    name: requires-port
    version: 1.0.0
    dev: true

  r2.cnpmjs.org/safer-buffer/2.1.2:
    resolution: {integrity: sha512-YZo3K82SD7Riyi0E1EQPojLz7kpepnSQI9IyPbHHg1XXXevb5dJI7tpyN2ADxGcQbHG7vcyRHk0cbwqcQriUtg==, registry: https://r.cnpmjs.org/, tarball: https://r2.cnpmjs.org/safer-buffer/-/safer-buffer-2.1.2.tgz}
    name: safer-buffer
    version: 2.1.2
    dev: true

  r2.cnpmjs.org/saxes/6.0.0:
    resolution: {integrity: sha512-xAg7SOnEhrm5zI3puOOKyy1OMcMlIJZYNJY7xLBwSze0UjhPLnWfj2GF2EpT0jmzaJKIWKHLsaSSajf35bcYnA==, registry: https://r.cnpmjs.org/, tarball: https://r2.cnpmjs.org/saxes/-/saxes-6.0.0.tgz}
    name: saxes
    version: 6.0.0
    engines: {node: '>=v12.22.7'}
    dependencies:
      xmlchars: r2.cnpmjs.org/xmlchars/2.2.0
    dev: true

  r2.cnpmjs.org/source-map/0.6.1:
    resolution: {integrity: sha512-UjgapumWlbMhkBgzT7Ykc5YXUT46F0iKu8SGXq0bcwP5dz/h0Plj6enJqjz1Zbq2l5WaqYnrVbwWOWMyF3F47g==, registry: https://r.cnpmjs.org/, tarball: https://r2.cnpmjs.org/source-map/-/source-map-0.6.1.tgz}
    name: source-map
    version: 0.6.1
    engines: {node: '>=0.10.0'}
    requiresBuild: true
    dev: true
    optional: true

  r2.cnpmjs.org/symbol-tree/3.2.4:
    resolution: {integrity: sha512-9QNk5KwDF+Bvz+PyObkmSYjI5ksVUYtjW7AU22r2NKcfLJcXp96hkDWU3+XndOsUb+AQ9QhfzfCT2O+CNWT5Tw==, registry: https://r.cnpmjs.org/, tarball: https://r2.cnpmjs.org/symbol-tree/-/symbol-tree-3.2.4.tgz}
    name: symbol-tree
    version: 3.2.4
    dev: true

  r2.cnpmjs.org/tr46/3.0.0:
    resolution: {integrity: sha512-l7FvfAHlcmulp8kr+flpQZmVwtu7nfRV7NZujtN0OqES8EL4O4e0qqzL0DC5gAvx/ZC/9lk6rhcUwYvkBnBnYA==, registry: https://r.cnpmjs.org/, tarball: https://r2.cnpmjs.org/tr46/-/tr46-3.0.0.tgz}
    name: tr46
    version: 3.0.0
    engines: {node: '>=12'}
    dependencies:
      punycode: r2.cnpmjs.org/punycode/2.1.1
    dev: true

  r2.cnpmjs.org/type-check/0.3.2:
    resolution: {integrity: sha512-ZCmOJdvOWDBYJlzAoFkC+Q0+bUyEOS1ltgp1MGU03fqHG+dbi9tBFU2Rd9QKiDZFAYrhPh2JUf7rZRIuHRKtOg==, registry: https://r.cnpmjs.org/, tarball: https://r2.cnpmjs.org/type-check/-/type-check-0.3.2.tgz}
    name: type-check
    version: 0.3.2
    engines: {node: '>= 0.8.0'}
    dependencies:
      prelude-ls: r2.cnpmjs.org/prelude-ls/1.1.2
    dev: true

  r2.cnpmjs.org/universalify/0.2.0:
    resolution: {integrity: sha512-CJ1QgKmNg3CwvAv/kOFmtnEN05f0D/cn9QntgNOQlQF9dgvVTHj3t+8JPdjqawCHk7V/KA+fbUqzZ9XWhcqPUg==, registry: https://r.cnpmjs.org/, tarball: https://r2.cnpmjs.org/universalify/-/universalify-0.2.0.tgz}
    name: universalify
    version: 0.2.0
    engines: {node: '>= 4.0.0'}
    dev: true

  r2.cnpmjs.org/universalify/2.0.0:
    resolution: {integrity: sha512-hAZsKq7Yy11Zu1DE0OzWjw7nnLZmJZYTDZZyEFHZdUhV8FkH5MCfoU1XMaxXovpyW5nq5scPqq0ZDP9Zyl04oQ==, registry: https://r.cnpmjs.org/, tarball: https://r2.cnpmjs.org/universalify/-/universalify-2.0.0.tgz}
    name: universalify
    version: 2.0.0
    engines: {node: '>= 10.0.0'}
    dev: true

  r2.cnpmjs.org/webidl-conversions/7.0.0:
    resolution: {integrity: sha512-VwddBukDzu71offAQR975unBIGqfKZpM+8ZX6ySk8nYhVoo5CYaZyzt3YBvYtRtO+aoGlqxPg/B87NGVZ/fu6g==, registry: https://r.cnpmjs.org/, tarball: https://r2.cnpmjs.org/webidl-conversions/-/webidl-conversions-7.0.0.tgz}
    name: webidl-conversions
    version: 7.0.0
    engines: {node: '>=12'}
    dev: true

  r2.cnpmjs.org/whatwg-encoding/2.0.0:
    resolution: {integrity: sha512-p41ogyeMUrw3jWclHWTQg1k05DSVXPLcVxRTYsXUk+ZooOCZLcoYgPZ/HL/D/N+uQPOtcp1me1WhBEaX02mhWg==, registry: https://r.cnpmjs.org/, tarball: https://r2.cnpmjs.org/whatwg-encoding/-/whatwg-encoding-2.0.0.tgz}
    name: whatwg-encoding
    version: 2.0.0
    engines: {node: '>=12'}
    dependencies:
      iconv-lite: r2.cnpmjs.org/iconv-lite/0.6.3
    dev: true

  r2.cnpmjs.org/whatwg-mimetype/3.0.0:
    resolution: {integrity: sha512-nt+N2dzIutVRxARx1nghPKGv1xHikU7HKdfafKkLNLindmPU/ch3U31NOCGGA/dmPcmb1VlofO0vnKAcsm0o/Q==, registry: https://r.cnpmjs.org/, tarball: https://r2.cnpmjs.org/whatwg-mimetype/-/whatwg-mimetype-3.0.0.tgz}
    name: whatwg-mimetype
    version: 3.0.0
    engines: {node: '>=12'}
    dev: true

  r2.cnpmjs.org/whatwg-url/11.0.0:
    resolution: {integrity: sha512-RKT8HExMpoYx4igMiVMY83lN6UeITKJlBQ+vR/8ZJ8OCdSiN3RwCq+9gH0+Xzj0+5IrM6i4j/6LuvzbZIQgEcQ==, registry: https://r.cnpmjs.org/, tarball: https://r2.cnpmjs.org/whatwg-url/-/whatwg-url-11.0.0.tgz}
    name: whatwg-url
    version: 11.0.0
    engines: {node: '>=12'}
    dependencies:
      tr46: r2.cnpmjs.org/tr46/3.0.0
      webidl-conversions: r2.cnpmjs.org/webidl-conversions/7.0.0
    dev: true

  r2.cnpmjs.org/word-wrap/1.2.3:
    resolution: {integrity: sha512-Hz/mrNwitNRh/HUAtM/VT/5VH+ygD6DV7mYKZAtHOrbs8U7lvPS6xf7EJKMF0uW1KJCl0H701g3ZGus+muE5vQ==, registry: https://r.cnpmjs.org/, tarball: https://r2.cnpmjs.org/word-wrap/-/word-wrap-1.2.3.tgz}
    name: word-wrap
    version: 1.2.3
    engines: {node: '>=0.10.0'}
    dev: true

  r2.cnpmjs.org/wrappy/1.0.2:
    resolution: {integrity: sha512-l4Sp/DRseor9wL6EvV2+TuQn63dMkPjZ/sp9XkghTEbV9KlPS1xUsZ3u7/IQO4wxtcFB4bgpQPRcR3QCvezPcQ==, registry: https://r.cnpmjs.org/, tarball: https://r2.cnpmjs.org/wrappy/-/wrappy-1.0.2.tgz}
    name: wrappy
    version: 1.0.2
    dev: true

  r2.cnpmjs.org/xml-name-validator/4.0.0:
    resolution: {integrity: sha512-ICP2e+jsHvAj2E2lIHxa5tjXRlKDJo4IdvPvCXbXQGdzSfmSpNVyIKMvoZHjDY9DP0zV17iI85o90vRFXNccRw==, registry: https://r.cnpmjs.org/, tarball: https://r2.cnpmjs.org/xml-name-validator/-/xml-name-validator-4.0.0.tgz}
    name: xml-name-validator
    version: 4.0.0
    engines: {node: '>=12'}
    dev: true

  r2.cnpmjs.org/xmlchars/2.2.0:
    resolution: {integrity: sha512-JZnDKK8B0RCDw84FNdDAIpZK+JuJw+s7Lz8nksI7SIuU3UXJJslUthsi+uWBUYOwPFwW7W7PRLRfUKpxjtjFCw==, registry: https://r.cnpmjs.org/, tarball: https://r2.cnpmjs.org/xmlchars/-/xmlchars-2.2.0.tgz}
    name: xmlchars
    version: 2.2.0
    dev: true
